# THIS IS AN AUTOGENERATED FILE. DO NOT EDIT THIS FILE DIRECTLY.
# yarn lockfile v1


"@prisma/client@^6.11.0":
  version "6.11.0"
  resolved "https://registry.yarnpkg.com/@prisma/client/-/client-6.11.0.tgz#22f91e178f2c943f16ab0044692f437527c4927a"
  integrity sha512-K9TkKepOYvCOg3qCuKz7ZHf6rf58BFKi08plKjU4qVv9y7/UxO6tLz7PlWcgODUZKURLPmRHjHERffIx/8az4w==

"@prisma/config@6.11.0":
  version "6.11.0"
  resolved "https://registry.yarnpkg.com/@prisma/config/-/config-6.11.0.tgz#c97689bf247fe7edbd246db342a309a465147ed2"
  integrity sha512-icBfutMpdrwSf2ggo012zhQ4oianijXL/UPbv4PNVK3WUWbB3/F5Ltq8ZfElGrtwKC6XuFFPxU5qDC9x7vh8zQ==
  dependencies:
    jiti "2.4.2"

"@prisma/debug@6.11.0":
  version "6.11.0"
  resolved "https://registry.yarnpkg.com/@prisma/debug/-/debug-6.11.0.tgz#d9231c6ef9cbeccf45cc592d6f5fecdd962cfeec"
  integrity sha512-zo4oEZMWMt0BFWl+4NK9FUpaEOmjGR3y2/r0lkW/DK4BUBRgMj90s8QqK2K+vXG3xn0nAGg2kOSu+Swn60CFLg==

"@prisma/engines-version@6.11.0-18.9c30299f5a0ea26a96790e13f796dc6094db3173":
  version "6.11.0-18.9c30299f5a0ea26a96790e13f796dc6094db3173"
  resolved "https://registry.yarnpkg.com/@prisma/engines-version/-/engines-version-6.11.0-18.9c30299f5a0ea26a96790e13f796dc6094db3173.tgz#e2baae6cdc4b0e2e8a1531646e9e116886704221"
  integrity sha512-M3vbyDICFIA1oJl0cFkM0omD4HsJZjFi0hu0f0UxyPABH8KEcZyUd5BToCrNl4B8lUeQn+L5+gfaQleOKp6Lrg==

"@prisma/engines@6.11.0":
  version "6.11.0"
  resolved "https://registry.yarnpkg.com/@prisma/engines/-/engines-6.11.0.tgz#ebbdce807852bd7a5895d0fef4487d0ef6180c61"
  integrity sha512-uqnYxvPKZPvYZA7F0q4gTR+fVWUJSY5bif7JAKBIOD5SoRRy0qEIaPy4Nna5WDLQaFGshaY/Bh8dLOQMfxhJJw==
  dependencies:
    "@prisma/debug" "6.11.0"
    "@prisma/engines-version" "6.11.0-18.9c30299f5a0ea26a96790e13f796dc6094db3173"
    "@prisma/fetch-engine" "6.11.0"
    "@prisma/get-platform" "6.11.0"

"@prisma/fetch-engine@6.11.0":
  version "6.11.0"
  resolved "https://registry.yarnpkg.com/@prisma/fetch-engine/-/fetch-engine-6.11.0.tgz#adb5c14cb20af3ff17ebd5e1d857e813d7718816"
  integrity sha512-ZHHSP7vJFo5hePH+MNovxhqXabIg38ZpCwQfUBON29kwPX3f1pjYnzGpgJLCJy4k7mKGOzTgrXPqH8+nJvq2fw==
  dependencies:
    "@prisma/debug" "6.11.0"
    "@prisma/engines-version" "6.11.0-18.9c30299f5a0ea26a96790e13f796dc6094db3173"
    "@prisma/get-platform" "6.11.0"

"@prisma/get-platform@6.11.0":
  version "6.11.0"
  resolved "https://registry.yarnpkg.com/@prisma/get-platform/-/get-platform-6.11.0.tgz#a90b5dbe8b8bbb8f7419612bcd2781174a58c432"
  integrity sha512-yspBGvOfJQwuoApk5B4aBlHDy6YDXAOe4Ml8U2eZ+M2b7fDd10YDomS3Q4qrYHUUVYF3TJyN86NcnRMOvCMUrA==
  dependencies:
    "@prisma/debug" "6.11.0"

jiti@2.4.2:
  version "2.4.2"
  resolved "https://registry.yarnpkg.com/jiti/-/jiti-2.4.2.tgz#d19b7732ebb6116b06e2038da74a55366faef560"
  integrity sha512-rg9zJN+G4n2nfJl5MW3BMygZX56zKPNVEYYqq7adpmMh4Jn2QNEwhvQlFy6jPVdcod7txZtKHWnyZiA3a0zP7A==

prisma@^6.11.0:
  version "6.11.0"
  resolved "https://registry.yarnpkg.com/prisma/-/prisma-6.11.0.tgz#2fb6246e926e4a32b67ac8b459cd5facd29c24c5"
  integrity sha512-gI69E7fusgk32XALpXzdgR10xUx2aFnHiu/JaUo4O07G4JvFT0xNtD0Iy81p37iBLTYFEhWa9VrHKXaiyZ5fLQ==
  dependencies:
    "@prisma/config" "6.11.0"
    "@prisma/engines" "6.11.0"
